
Microsoft Visual Studio Solution File, Format Version 12.00
# Visual Studio Version 17
VisualStudioVersion = 17.2.32616.157
MinimumVisualStudioVersion = 10.0.40219.1
Project("{9A19103F-16F7-4668-BE54-9A1E7A4F7556}") = "Singleton", "\solon.prd\files\P\Global\Users\B02820\UserData\Desktop\New folder\DesignPatterns\Singleton\Singleton.csproj", "{767680D3-4C68-4A9A-B264-18D3B497FBBF}"
EndProject
Global
	GlobalSection(SolutionConfigurationPlatforms) = preSolution
		Debug|Any CPU = Debug|Any CPU
		Release|Any CPU = Release|Any CPU
	EndGlobalSection
	GlobalSection(ProjectConfigurationPlatforms) = postSolution
		{767680D3-4C68-4A9A-B264-18D3B497FBBF}.Debug|Any CPU.ActiveCfg = Debug|Any CPU
		{767680D3-4C68-4A9A-B264-18D3B497FBBF}.Debug|Any CPU.Build.0 = Debug|Any CPU
		{767680D3-4C68-4A9A-B264-18D3B497FBBF}.Release|Any CPU.ActiveCfg = Release|Any CPU
		{767680D3-4C68-4A9A-B264-18D3B497FBBF}.Release|Any CPU.Build.0 = Release|Any CPU
	EndGlobalSection
	GlobalSection(SolutionProperties) = preSolution
		HideSolutionNode = FALSE
	EndGlobalSection
	GlobalSection(ExtensibilityGlobals) = postSolution
		SolutionGuid = {1892CD51-2A4C-45C8-A319-8243CA2F0305}
	EndGlobalSection
EndGlobal
